
Microsoft Visual Studio Solution File, Format Version 12.00
# Visual Studio Version 16
VisualStudioVersion = 16.0.28729.10
MinimumVisualStudioVersion = 10.0.40219.1
Project("{FAE04EC0-301F-11D3-BF4B-00C04F79EFBC}") = "SalesWebMVC", "SalesWebMVC\SalesWebMVC.csproj", "{83C450B2-4ECB-42BA-9348-30C1B47736C2}"
EndProject
Global
	GlobalSection(SolutionConfigurationPlatforms) = preSolution
		Debug|Any CPU = Debug|Any CPU
		Release|Any CPU = Release|Any CPU
	EndGlobalSection
	GlobalSection(ProjectConfigurationPlatforms) = postSolution
		{83C450B2-4ECB-42BA-9348-30C1B47736C2}.Debug|Any CPU.ActiveCfg = Debug|Any CPU
		{83C450B2-4ECB-42BA-9348-30C1B47736C2}.Debug|Any CPU.Build.0 = Debug|Any CPU
		{83C450B2-4ECB-42BA-9348-30C1B47736C2}.Release|Any CPU.ActiveCfg = Release|Any CPU
		{83C450B2-4ECB-42BA-9348-30C1B47736C2}.Release|Any CPU.Build.0 = Release|Any CPU
	EndGlobalSection
	GlobalSection(SolutionProperties) = preSolution
		HideSolutionNode = FALSE
	EndGlobalSection
	GlobalSection(ExtensibilityGlobals) = postSolution
		SolutionGuid = {B6242527-B919-4509-9CC7-33E4D03180D9}
	EndGlobalSection
EndGlobal
